Microsoft Visual Studio Solution File, Format Version 12.00
# Visual Studio Version 17
VisualStudioVersion = 17.5.2.0
MinimumVisualStudioVersion = 10.0.40219.1
Project("{FAE04EC0-301F-11D3-BF4B-00C04F79EFBC}") = "OldPhonePadConverter", "OldPhonePadConverter\OldPhonePadConverter.csproj", "{1E863AE6-8A66-609E-4A89-D1A846D92E8F}"
EndProject
Project("{FAE04EC0-301F-11D3-BF4B-00C04F79EFBC}") = "OldPhonePadConverter.Tests", "OldPhonePadConverter.Tests\OldPhonePadConverter.Tests.csproj", "{695D234B-DBD4-45DD-4E06-9888339DBD88}"
EndProject
Global
	GlobalSection(SolutionConfigurationPlatforms) = preSolution
		Debug|Any CPU = Debug|Any CPU
		Release|Any CPU = Release|Any CPU
	EndGlobalSection
	GlobalSection(ProjectConfigurationPlatforms) = postSolution
		{1E863AE6-8A66-609E-4A89-D1A846D92E8F}.Debug|Any CPU.ActiveCfg = Debug|Any CPU
		{1E863AE6-8A66-609E-4A89-D1A846D92E8F}.Debug|Any CPU.Build.0 = Debug|Any CPU
		{1E863AE6-8A66-609E-4A89-D1A846D92E8F}.Release|Any CPU.ActiveCfg = Release|Any CPU
		{1E863AE6-8A66-609E-4A89-D1A846D92E8F}.Release|Any CPU.Build.0 = Release|Any CPU
		{695D234B-DBD4-45DD-4E06-9888339DBD88}.Debug|Any CPU.ActiveCfg = Debug|Any CPU
		{695D234B-DBD4-45DD-4E06-9888339DBD88}.Debug|Any CPU.Build.0 = Debug|Any CPU
		{695D234B-DBD4-45DD-4E06-9888339DBD88}.Release|Any CPU.ActiveCfg = Release|Any CPU
		{695D234B-DBD4-45DD-4E06-9888339DBD88}.Release|Any CPU.Build.0 = Release|Any CPU
	EndGlobalSection
	GlobalSection(SolutionProperties) = preSolution
		HideSolutionNode = FALSE
	EndGlobalSection
	GlobalSection(ExtensibilityGlobals) = postSolution
		SolutionGuid = {348464BC-BD7E-47F7-9AF7-8ED52EA00713}
	EndGlobalSection
EndGlobal
